
Microsoft Visual Studio Solution File, Format Version 12.00
# Visual Studio 15
VisualStudioVersion = 15.0.28307.705
MinimumVisualStudioVersion = 10.0.40219.1
Project("{FAE04EC0-301F-11D3-BF4B-00C04F79EFBC}") = "OgrenciNotMvc", "OgrenciNotMvc\OgrenciNotMvc.csproj", "{D7519264-385F-4431-A2BC-DEBC542F829D}"
EndProject
Global
	GlobalSection(SolutionConfigurationPlatforms) = preSolution
		Debug|Any CPU = Debug|Any CPU
		Release|Any CPU = Release|Any CPU
	EndGlobalSection
	GlobalSection(ProjectConfigurationPlatforms) = postSolution
		{D7519264-385F-4431-A2BC-DEBC542F829D}.Debug|Any CPU.ActiveCfg = Debug|Any CPU
		{D7519264-385F-4431-A2BC-DEBC542F829D}.Debug|Any CPU.Build.0 = Debug|Any CPU
		{D7519264-385F-4431-A2BC-DEBC542F829D}.Release|Any CPU.ActiveCfg = Release|Any CPU
		{D7519264-385F-4431-A2BC-DEBC542F829D}.Release|Any CPU.Build.0 = Release|Any CPU
	EndGlobalSection
	GlobalSection(SolutionProperties) = preSolution
		HideSolutionNode = FALSE
	EndGlobalSection
	GlobalSection(ExtensibilityGlobals) = postSolution
		SolutionGuid = {D8A7EE51-D894-4276-916A-2A84AFF560F6}
	EndGlobalSection
EndGlobal
